
Microsoft Visual Studio Solution File, Format Version 12.00
# Visual Studio Version 17
VisualStudioVersion = 17.14.37111.16 d17.14
MinimumVisualStudioVersion = 10.0.40219.1
Project("{FAE04EC0-301F-11D3-BF4B-00C04F79EFBC}") = "Mec126", "Mec126.csproj", "{21C0453F-716C-46A1-98E0-F622B33DB47D}"
EndProject
Global
	GlobalSection(SolutionConfigurationPlatforms) = preSolution
		Debug|Any CPU = Debug|Any CPU
		Release|Any CPU = Release|Any CPU
	EndGlobalSection
	GlobalSection(ProjectConfigurationPlatforms) = postSolution
		{21C0453F-716C-46A1-98E0-F622B33DB47D}.Debug|Any CPU.ActiveCfg = Debug|Any CPU
		{21C0453F-716C-46A1-98E0-F622B33DB47D}.Debug|Any CPU.Build.0 = Debug|Any CPU
		{21C0453F-716C-46A1-98E0-F622B33DB47D}.Release|Any CPU.ActiveCfg = Release|Any CPU
		{21C0453F-716C-46A1-98E0-F622B33DB47D}.Release|Any CPU.Build.0 = Release|Any CPU
	EndGlobalSection
	GlobalSection(SolutionProperties) = preSolution
		HideSolutionNode = FALSE
	EndGlobalSection
	GlobalSection(ExtensibilityGlobals) = postSolution
		SolutionGuid = {32DDC912-BA49-4BFF-A14F-11365BED401B}
	EndGlobalSection
EndGlobal
